// !$*UTF8*$!
{
	archiveVersion = 1;
	classes = {
	};
	objectVersion = 46;
	objects = {

/* Begin PBXBuildFile section */
		1FBE894A9557811E44AC9100 /* libPods-TORA-NET.a in Frameworks */ = {isa = PBXBuildFile; fileRef = 117390E9C648849469F91605 /* libPods-TORA-NET.a */; };
		200348071CCF4EF5000DC110 /* MapKit.framework in Frameworks */ = {isa = PBXBuildFile; fileRef = 200348061CCF4EF5000DC110 /* MapKit.framework */; };
		200348091CCF5D8D000DC110 /* CoreLocation.framework in Frameworks */ = {isa = PBXBuildFile; fileRef = 200348081CCF5D8D000DC110 /* CoreLocation.framework */; };
		203704F61E3F3BA20064D78F /* EAIntroViewController.m in Sources */ = {isa = PBXBuildFile; fileRef = 203704F51E3F3BA20064D78F /* EAIntroViewController.m */; };
		203704FE1E3FA4F60064D78F /* EAIntroView.storyboard in Resources */ = {isa = PBXBuildFile; fileRef = 203704FD1E3FA4F60064D78F /* EAIntroView.storyboard */; };
		203705041E4046210064D78F /* bg1.png in Resources */ = {isa = PBXBuildFile; fileRef = 203705011E4046210064D78F /* bg1.png */; };
		203705051E4046210064D78F /* bg2.png in Resources */ = {isa = PBXBuildFile; fileRef = 203705021E4046210064D78F /* bg2.png */; };
		2037050C1E404A3E0064D78F /* tora-256.png in Resources */ = {isa = PBXBuildFile; fileRef = 2037050B1E404A3E0064D78F /* tora-256.png */; };
		2037050E1E40AEB50064D78F /* bg3.png in Resources */ = {isa = PBXBuildFile; fileRef = 2037050D1E40AEB50064D78F /* bg3.png */; };
		203705101E40D3140064D78F /* bg4.png in Resources */ = {isa = PBXBuildFile; fileRef = 2037050F1E40D3140064D78F /* bg4.png */; };
		208794CA1C04CF6100C1F206 /* Fabric.framework in Frameworks */ = {isa = PBXBuildFile; fileRef = 208794C81C04CF6100C1F206 /* Fabric.framework */; };
		208794CB1C04CF6100C1F206 /* Crashlytics.framework in Frameworks */ = {isa = PBXBuildFile; fileRef = 208794C91C04CF6100C1F206 /* Crashlytics.framework */; };
		20964EB51C202FDC007CF3DA /* Security.framework in Frameworks */ = {isa = PBXBuildFile; fileRef = 20964EB41C202FDC007CF3DA /* Security.framework */; };
		209A18431C1FD9DC00BAF03E /* SystemConfiguration.framework in Frameworks */ = {isa = PBXBuildFile; fileRef = 209A18421C1FD9DC00BAF03E /* SystemConfiguration.framework */; };
		209A3EB11E38D25900F1139C /* autoLoginSetting.m in Sources */ = {isa = PBXBuildFile; fileRef = 209A3EB01E38D25900F1139C /* autoLoginSetting.m */; };
		209FDA131BB284E500649937 /* RoomMapViewController.m in Sources */ = {isa = PBXBuildFile; fileRef = 209FDA121BB284E500649937 /* RoomMapViewController.m */; };
		20A4E8171E73C6FB00277171 /* schoolbus_timetable.pdf in Resources */ = {isa = PBXBuildFile; fileRef = 20A4E8161E73C6FB00277171 /* schoolbus_timetable.pdf */; };
		20A4E81D1E73CCE100277171 /* Timetable-32.png in Resources */ = {isa = PBXBuildFile; fileRef = 20A4E81C1E73CCE100277171 /* Timetable-32.png */; };
		20A4E82A1E73D8CF00277171 /* roomlist.json in Resources */ = {isa = PBXBuildFile; fileRef = 20A4E8291E73D8CF00277171 /* roomlist.json */; };
		20D2BFF31FA189510052F985 /* GoogleService-Info.plist in Resources */ = {isa = PBXBuildFile; fileRef = 20D2BFF21FA189510052F985 /* GoogleService-Info.plist */; };
		20DA21DE1D9E25ED001C26F9 /* services-32.png in Resources */ = {isa = PBXBuildFile; fileRef = 20DA21DD1D9E25ED001C26F9 /* services-32.png */; };
		20DA21E11D9E262C001C26F9 /* redo-26.png in Resources */ = {isa = PBXBuildFile; fileRef = 20DA21DF1D9E262C001C26F9 /* redo-26.png */; };
		20DA21E21D9E262C001C26F9 /* undo-26.png in Resources */ = {isa = PBXBuildFile; fileRef = 20DA21E01D9E262C001C26F9 /* undo-26.png */; };
		20DA21E41D9E263E001C26F9 /* transparent32.png in Resources */ = {isa = PBXBuildFile; fileRef = 20DA21E31D9E263E001C26F9 /* transparent32.png */; };
		20DA21E61D9E2646001C26F9 /* icons8_cup.png in Resources */ = {isa = PBXBuildFile; fileRef = 20DA21E51D9E2646001C26F9 /* icons8_cup.png */; };
		4EF1295D49BE601ADBE5E8DD /* libPods-TORA-NET-TORA-NETTests.a in Frameworks */ = {isa = PBXBuildFile; fileRef = 90C1DEF78552D3794EE79AF6 /* libPods-TORA-NET-TORA-NETTests.a */; };
		DD4E546B1AEBFB21009A88AB /* FifthViewController.m in Sources */ = {isa = PBXBuildFile; fileRef = DD4E546A1AEBFB21009A88AB /* FifthViewController.m */; };
		DD4E54711AEBFB88009A88AB /* FourthViewController.m in Sources */ = {isa = PBXBuildFile; fileRef = DD4E54701AEBFB88009A88AB /* FourthViewController.m */; };
		DD88811D1B3A3AE700445487 /* RoomTableViewController.m in Sources */ = {isa = PBXBuildFile; fileRef = DD88811C1B3A3AE700445487 /* RoomTableViewController.m */; };
		DDA557EE1B3A7B3E0044FD6C /* RoomDetailViewController.m in Sources */ = {isa = PBXBuildFile; fileRef = DDA557ED1B3A7B3E0044FD6C /* RoomDetailViewController.m */; };
		DDAA13C21AF0633400FB0B8C /* map.pdf in Resources */ = {isa = PBXBuildFile; fileRef = DDAA13C11AF0633400FB0B8C /* map.pdf */; };
		DDB192AA1AEA745900C0CDCF /* main.m in Sources */ = {isa = PBXBuildFile; fileRef = DDB192A91AEA745900C0CDCF /* main.m */; };
		DDB192AD1AEA745900C0CDCF /* AppDelegate.m in Sources */ = {isa = PBXBuildFile; fileRef = DDB192AC1AEA745900C0CDCF /* AppDelegate.m */; };
		DDB192B01AEA745900C0CDCF /* FirstViewController.m in Sources */ = {isa = PBXBuildFile; fileRef = DDB192AF1AEA745900C0CDCF /* FirstViewController.m */; };
		DDB192B31AEA745900C0CDCF /* SecondViewController.m in Sources */ = {isa = PBXBuildFile; fileRef = DDB192B21AEA745900C0CDCF /* SecondViewController.m */; };
		DDB192B81AEA745900C0CDCF /* Images.xcassets in Resources */ = {isa = PBXBuildFile; fileRef = DDB192B71AEA745900C0CDCF /* Images.xcassets */; };
		DDB192BB1AEA745900C0CDCF /* LaunchScreen.xib in Resources */ = {isa = PBXBuildFile; fileRef = DDB192B91AEA745900C0CDCF /* LaunchScreen.xib */; };
		DDB192E51AEA91CD00C0CDCF /* home-32.png in Resources */ = {isa = PBXBuildFile; fileRef = DDB192E21AEA91CD00C0CDCF /* home-32.png */; };
		DDB192E61AEA91CD00C0CDCF /* map_marker-32.png in Resources */ = {isa = PBXBuildFile; fileRef = DDB192E31AEA91CD00C0CDCF /* map_marker-32.png */; };
		DDB192E71AEA91CD00C0CDCF /* menu-32.png in Resources */ = {isa = PBXBuildFile; fileRef = DDB192E41AEA91CD00C0CDCF /* menu-32.png */; };
		DDB192E91AEA922700C0CDCF /* train-32.png in Resources */ = {isa = PBXBuildFile; fileRef = DDB192E81AEA922700C0CDCF /* train-32.png */; };
		DDBB80301B3E4F0400DAF249 /* Main.storyboard in Resources */ = {isa = PBXBuildFile; fileRef = DDBB802E1B3E4F0400DAF249 /* Main.storyboard */; };
/* End PBXBuildFile section */

/* Begin PBXContainerItemProxy section */
		DDB192C11AEA745900C0CDCF /* PBXContainerItemProxy */ = {
			isa = PBXContainerItemProxy;
			containerPortal = DDB1929C1AEA745900C0CDCF /* Project object */;
			proxyType = 1;
			remoteGlobalIDString = DDB192A31AEA745900C0CDCF;
			remoteInfo = "test-addtabs";
		};
/* End PBXContainerItemProxy section */

/* Begin PBXFileReference section */
		081BE28D70C67B337DF13FD5 /* Pods-TORA-NET.release.xcconfig */ = {isa = PBXFileReference; includeInIndex = 1; lastKnownFileType = text.xcconfig; name = "Pods-TORA-NET.release.xcconfig"; path = "Pods/Target Support Files/Pods-TORA-NET/Pods-TORA-NET.release.xcconfig"; sourceTree = "<group>"; };
		0871F02F48E04B445C2FED28 /* Pods-TORA-NET-TORA-NETTests.debug.xcconfig */ = {isa = PBXFileReference; includeInIndex = 1; lastKnownFileType = text.xcconfig; name = "Pods-TORA-NET-TORA-NETTests.debug.xcconfig"; path = "Pods/Target Support Files/Pods-TORA-NET-TORA-NETTests/Pods-TORA-NET-TORA-NETTests.debug.xcconfig"; sourceTree = "<group>"; };
		117390E9C648849469F91605 /* libPods-TORA-NET.a */ = {isa = PBXFileReference; explicitFileType = archive.ar; includeInIndex = 0; path = "libPods-TORA-NET.a"; sourceTree = BUILT_PRODUCTS_DIR; };
		200348061CCF4EF5000DC110 /* MapKit.framework */ = {isa = PBXFileReference; lastKnownFileType = wrapper.framework; name = MapKit.framework; path = System/Library/Frameworks/MapKit.framework; sourceTree = SDKROOT; };
		200348081CCF5D8D000DC110 /* CoreLocation.framework */ = {isa = PBXFileReference; lastKnownFileType = wrapper.framework; name = CoreLocation.framework; path = System/Library/Frameworks/CoreLocation.framework; sourceTree = SDKROOT; };
		203704F41E3F3BA20064D78F /* EAIntroViewController.h */ = {isa = PBXFileReference; fileEncoding = 4; lastKnownFileType = sourcecode.c.h; name = EAIntroViewController.h; path = classes/ViewController/EAIntroViewController.h; sourceTree = "<group>"; };
		203704F51E3F3BA20064D78F /* EAIntroViewController.m */ = {isa = PBXFileReference; fileEncoding = 4; lastKnownFileType = sourcecode.c.objc; name = EAIntroViewController.m; path = classes/ViewController/EAIntroViewController.m; sourceTree = "<group>"; };
		203704FD1E3FA4F60064D78F /* EAIntroView.storyboard */ = {isa = PBXFileReference; fileEncoding = 4; lastKnownFileType = file.storyboard; path = EAIntroView.storyboard; sourceTree = "<group>"; };
		203705011E4046210064D78F /* bg1.png */ = {isa = PBXFileReference; lastKnownFileType = image.png; name = bg1.png; path = "TORA-NET/IntroView/bg1.png"; sourceTree = "<group>"; };
		203705021E4046210064D78F /* bg2.png */ = {isa = PBXFileReference; lastKnownFileType = image.png; name = bg2.png; path = "TORA-NET/IntroView/bg2.png"; sourceTree = "<group>"; };
		2037050B1E404A3E0064D78F /* tora-256.png */ = {isa = PBXFileReference; lastKnownFileType = image.png; name = "tora-256.png"; path = "TORA-NET/IntroView/tora-256.png"; sourceTree = "<group>"; };
		2037050D1E40AEB50064D78F /* bg3.png */ = {isa = PBXFileReference; lastKnownFileType = image.png; name = bg3.png; path = "TORA-NET/IntroView/bg3.png"; sourceTree = "<group>"; };
		2037050F1E40D3140064D78F /* bg4.png */ = {isa = PBXFileReference; lastKnownFileType = image.png; name = bg4.png; path = "TORA-NET/IntroView/bg4.png"; sourceTree = "<group>"; };
		208794C81C04CF6100C1F206 /* Fabric.framework */ = {isa = PBXFileReference; lastKnownFileType = wrapper.framework; path = Fabric.framework; sourceTree = SOURCE_ROOT; };
		208794C91C04CF6100C1F206 /* Crashlytics.framework */ = {isa = PBXFileReference; lastKnownFileType = wrapper.framework; path = Crashlytics.framework; sourceTree = SOURCE_ROOT; };
		20964EB41C202FDC007CF3DA /* Security.framework */ = {isa = PBXFileReference; lastKnownFileType = wrapper.framework; name = Security.framework; path = System/Library/Frameworks/Security.framework; sourceTree = SDKROOT; };
		209A18421C1FD9DC00BAF03E /* SystemConfiguration.framework */ = {isa = PBXFileReference; lastKnownFileType = wrapper.framework; name = SystemConfiguration.framework; path = System/Library/Frameworks/SystemConfiguration.framework; sourceTree = SDKROOT; };
		209A3EAF1E38D25900F1139C /* autoLoginSetting.h */ = {isa = PBXFileReference; fileEncoding = 4; lastKnownFileType = sourcecode.c.h; name = autoLoginSetting.h; path = classes/autoLoginSetting.h; sourceTree = "<group>"; };
		209A3EB01E38D25900F1139C /* autoLoginSetting.m */ = {isa = PBXFileReference; fileEncoding = 4; lastKnownFileType = sourcecode.c.objc; name = autoLoginSetting.m; path = classes/autoLoginSetting.m; sourceTree = "<group>"; };
		209FDA111BB284E500649937 /* RoomMapViewController.h */ = {isa = PBXFileReference; fileEncoding = 4; lastKnownFileType = sourcecode.c.h; name = RoomMapViewController.h; path = classes/ViewController/RoomMapViewController.h; sourceTree = "<group>"; };
		209FDA121BB284E500649937 /* RoomMapViewController.m */ = {isa = PBXFileReference; fileEncoding = 4; lastKnownFileType = sourcecode.c.objc; name = RoomMapViewController.m; path = classes/ViewController/RoomMapViewController.m; sourceTree = "<group>"; };
		20A4E8161E73C6FB00277171 /* schoolbus_timetable.pdf */ = {isa = PBXFileReference; lastKnownFileType = image.pdf; name = schoolbus_timetable.pdf; path = "TORA-NET/resource/schoolbus_timetable.pdf"; sourceTree = "<group>"; };
		20A4E81C1E73CCE100277171 /* Timetable-32.png */ = {isa = PBXFileReference; lastKnownFileType = image.png; name = "Timetable-32.png"; path = "TORA-NET/resource/Timetable-32.png"; sourceTree = "<group>"; };
		20A4E8211E73D6C000277171 /* Flurry.h */ = {isa = PBXFileReference; fileEncoding = 4; lastKnownFileType = sourcecode.c.h; path = Flurry.h; sourceTree = "<group>"; };
		20A4E8221E73D6C000277171 /* FlurryWatch.h */ = {isa = PBXFileReference; fileEncoding = 4; lastKnownFileType = sourcecode.c.h; path = FlurryWatch.h; sourceTree = "<group>"; };
		20A4E8231E73D6C000277171 /* libFlurry_7.3.0.a */ = {isa = PBXFileReference; lastKnownFileType = archive.ar; path = libFlurry_7.3.0.a; sourceTree = "<group>"; };
		20A4E8271E73D79800277171 /* Info.plist */ = {isa = PBXFileReference; fileEncoding = 4; lastKnownFileType = text.plist.xml; path = Info.plist; sourceTree = "<group>"; };
		20A4E8291E73D8CF00277171 /* roomlist.json */ = {isa = PBXFileReference; fileEncoding = 4; lastKnownFileType = text.json; name = roomlist.json; path = "TORA-NET/resource/roomlist.json"; sourceTree = "<group>"; };
		20D2BFF21FA189510052F985 /* GoogleService-Info.plist */ = {isa = PBXFileReference; fileEncoding = 4; lastKnownFileType = text.plist.xml; path = "GoogleService-Info.plist"; sourceTree = "<group>"; };
		20DA21DD1D9E25ED001C26F9 /* services-32.png */ = {isa = PBXFileReference; lastKnownFileType = image.png; name = "services-32.png"; path = "TORA-NET/resource/services-32.png"; sourceTree = "<group>"; };
		20DA21DF1D9E262C001C26F9 /* redo-26.png */ = {isa = PBXFileReference; lastKnownFileType = image.png; name = "redo-26.png"; path = "TORA-NET/resource/redo-26.png"; sourceTree = "<group>"; };
		20DA21E01D9E262C001C26F9 /* undo-26.png */ = {isa = PBXFileReference; lastKnownFileType = image.png; name = "undo-26.png"; path = "TORA-NET/resource/undo-26.png"; sourceTree = "<group>"; };
		20DA21E31D9E263E001C26F9 /* transparent32.png */ = {isa = PBXFileReference; lastKnownFileType = image.png; name = transparent32.png; path = "TORA-NET/resource/transparent32.png"; sourceTree = "<group>"; };
		20DA21E51D9E2646001C26F9 /* icons8_cup.png */ = {isa = PBXFileReference; lastKnownFileType = image.png; name = icons8_cup.png; path = "TORA-NET/resource/icons8_cup.png"; sourceTree = "<group>"; };
		2F972392AA60379A4BBDA957 /* Pods-TORA-NET.debug.xcconfig */ = {isa = PBXFileReference; includeInIndex = 1; lastKnownFileType = text.xcconfig; name = "Pods-TORA-NET.debug.xcconfig"; path = "Pods/Target Support Files/Pods-TORA-NET/Pods-TORA-NET.debug.xcconfig"; sourceTree = "<group>"; };
		90C1DEF78552D3794EE79AF6 /* libPods-TORA-NET-TORA-NETTests.a */ = {isa = PBXFileReference; explicitFileType = archive.ar; includeInIndex = 0; path = "libPods-TORA-NET-TORA-NETTests.a"; sourceTree = BUILT_PRODUCTS_DIR; };
		A05824253285BCC15B6F24C9 /* Pods-TORA-NET-TORA-NETTests.release.xcconfig */ = {isa = PBXFileReference; includeInIndex = 1; lastKnownFileType = text.xcconfig; name = "Pods-TORA-NET-TORA-NETTests.release.xcconfig"; path = "Pods/Target Support Files/Pods-TORA-NET-TORA-NETTests/Pods-TORA-NET-TORA-NETTests.release.xcconfig"; sourceTree = "<group>"; };
		DD4E54691AEBFB21009A88AB /* FifthViewController.h */ = {isa = PBXFileReference; fileEncoding = 4; lastKnownFileType = sourcecode.c.h; name = FifthViewController.h; path = classes/ViewController/FifthViewController.h; sourceTree = "<group>"; };
		DD4E546A1AEBFB21009A88AB /* FifthViewController.m */ = {isa = PBXFileReference; fileEncoding = 4; lastKnownFileType = sourcecode.c.objc; name = FifthViewController.m; path = classes/ViewController/FifthViewController.m; sourceTree = "<group>"; };
		DD4E546F1AEBFB88009A88AB /* FourthViewController.h */ = {isa = PBXFileReference; fileEncoding = 4; lastKnownFileType = sourcecode.c.h; name = FourthViewController.h; path = classes/ViewController/FourthViewController.h; sourceTree = "<group>"; };
		DD4E54701AEBFB88009A88AB /* FourthViewController.m */ = {isa = PBXFileReference; fileEncoding = 4; lastKnownFileType = sourcecode.c.objc; name = FourthViewController.m; path = classes/ViewController/FourthViewController.m; sourceTree = "<group>"; };
		DD88811B1B3A3AE700445487 /* RoomTableViewController.h */ = {isa = PBXFileReference; fileEncoding = 4; lastKnownFileType = sourcecode.c.h; name = RoomTableViewController.h; path = classes/ViewController/RoomTableViewController.h; sourceTree = "<group>"; };
		DD88811C1B3A3AE700445487 /* RoomTableViewController.m */ = {isa = PBXFileReference; fileEncoding = 4; lastKnownFileType = sourcecode.c.objc; name = RoomTableViewController.m; path = classes/ViewController/RoomTableViewController.m; sourceTree = "<group>"; };
		DDA557EC1B3A7B3E0044FD6C /* RoomDetailViewController.h */ = {isa = PBXFileReference; fileEncoding = 4; lastKnownFileType = sourcecode.c.h; name = RoomDetailViewController.h; path = classes/ViewController/RoomDetailViewController.h; sourceTree = "<group>"; };
		DDA557ED1B3A7B3E0044FD6C /* RoomDetailViewController.m */ = {isa = PBXFileReference; fileEncoding = 4; lastKnownFileType = sourcecode.c.objc; name = RoomDetailViewController.m; path = classes/ViewController/RoomDetailViewController.m; sourceTree = "<group>"; };
		DDAA13C11AF0633400FB0B8C /* map.pdf */ = {isa = PBXFileReference; lastKnownFileType = image.pdf; name = map.pdf; path = "TORA-NET/resource/map.pdf"; sourceTree = "<group>"; };
		DDB192A41AEA745900C0CDCF /* TORA-NET.app */ = {isa = PBXFileReference; explicitFileType = wrapper.application; includeInIndex = 0; path = "TORA-NET.app"; sourceTree = BUILT_PRODUCTS_DIR; };
		DDB192A91AEA745900C0CDCF /* main.m */ = {isa = PBXFileReference; lastKnownFileType = sourcecode.c.objc; path = main.m; sourceTree = "<group>"; };
		DDB192AB1AEA745900C0CDCF /* AppDelegate.h */ = {isa = PBXFileReference; lastKnownFileType = sourcecode.c.h; name = AppDelegate.h; path = classes/AppDelegate.h; sourceTree = "<group>"; };
		DDB192AC1AEA745900C0CDCF /* AppDelegate.m */ = {isa = PBXFileReference; lastKnownFileType = sourcecode.c.objc; name = AppDelegate.m; path = classes/AppDelegate.m; sourceTree = "<group>"; };
		DDB192AE1AEA745900C0CDCF /* FirstViewController.h */ = {isa = PBXFileReference; lastKnownFileType = sourcecode.c.h; name = FirstViewController.h; path = classes/ViewController/FirstViewController.h; sourceTree = "<group>"; };
		DDB192AF1AEA745900C0CDCF /* FirstViewController.m */ = {isa = PBXFileReference; lastKnownFileType = sourcecode.c.objc; name = FirstViewController.m; path = classes/ViewController/FirstViewController.m; sourceTree = "<group>"; };
		DDB192B11AEA745900C0CDCF /* SecondViewController.h */ = {isa = PBXFileReference; lastKnownFileType = sourcecode.c.h; name = SecondViewController.h; path = classes/ViewController/SecondViewController.h; sourceTree = "<group>"; };
		DDB192B21AEA745900C0CDCF /* SecondViewController.m */ = {isa = PBXFileReference; lastKnownFileType = sourcecode.c.objc; name = SecondViewController.m; path = classes/ViewController/SecondViewController.m; sourceTree = "<group>"; };
		DDB192B71AEA745900C0CDCF /* Images.xcassets */ = {isa = PBXFileReference; lastKnownFileType = folder.assetcatalog; path = Images.xcassets; sourceTree = "<group>"; };
		DDB192BA1AEA745900C0CDCF /* Base */ = {isa = PBXFileReference; lastKnownFileType = file.xib; name = Base; path = Base.lproj/LaunchScreen.xib; sourceTree = "<group>"; };
		DDB192C01AEA745900C0CDCF /* TORA-NETTests.xctest */ = {isa = PBXFileReference; explicitFileType = wrapper.cfbundle; includeInIndex = 0; path = "TORA-NETTests.xctest"; sourceTree = BUILT_PRODUCTS_DIR; };
		DDB192E21AEA91CD00C0CDCF /* home-32.png */ = {isa = PBXFileReference; lastKnownFileType = image.png; name = "home-32.png"; path = "TORA-NET/resource/home-32.png"; sourceTree = "<group>"; };
		DDB192E31AEA91CD00C0CDCF /* map_marker-32.png */ = {isa = PBXFileReference; lastKnownFileType = image.png; name = "map_marker-32.png"; path = "TORA-NET/resource/map_marker-32.png"; sourceTree = "<group>"; };
		DDB192E41AEA91CD00C0CDCF /* menu-32.png */ = {isa = PBXFileReference; lastKnownFileType = image.png; name = "menu-32.png"; path = "TORA-NET/resource/menu-32.png"; sourceTree = "<group>"; };
		DDB192E81AEA922700C0CDCF /* train-32.png */ = {isa = PBXFileReference; lastKnownFileType = image.png; name = "train-32.png"; path = "TORA-NET/resource/train-32.png"; sourceTree = "<group>"; };
		DDBB802F1B3E4F0400DAF249 /* Base */ = {isa = PBXFileReference; lastKnownFileType = file.storyboard; name = Base; path = Base.lproj/Main.storyboard; sourceTree = "<group>"; };
/* End PBXFileReference section */

/* Begin PBXFrameworksBuildPhase section */
		DDB192A11AEA745900C0CDCF /* Frameworks */ = {
			isa = PBXFrameworksBuildPhase;
			buildActionMask = 2147483647;
			files = (
				200348091CCF5D8D000DC110 /* CoreLocation.framework in Frameworks */,
				200348071CCF4EF5000DC110 /* MapKit.framework in Frameworks */,
				20964EB51C202FDC007CF3DA /* Security.framework in Frameworks */,
				209A18431C1FD9DC00BAF03E /* SystemConfiguration.framework in Frameworks */,
				208794CB1C04CF6100C1F206 /* Crashlytics.framework in Frameworks */,
				208794CA1C04CF6100C1F206 /* Fabric.framework in Frameworks */,
				1FBE894A9557811E44AC9100 /* libPods-TORA-NET.a in Frameworks */,
			);
			runOnlyForDeploymentPostprocessing = 0;
		};
		DDB192BD1AEA745900C0CDCF /* Frameworks */ = {
			isa = PBXFrameworksBuildPhase;
			buildActionMask = 2147483647;
			files = (
				4EF1295D49BE601ADBE5E8DD /* libPods-TORA-NET-TORA-NETTests.a in Frameworks */,
			);
			runOnlyForDeploymentPostprocessing = 0;
		};
/* End PBXFrameworksBuildPhase section */

/* Begin PBXGroup section */
		20A4E8201E73D6C000277171 /* Flurry */ = {
			isa = PBXGroup;
			children = (
				20A4E8211E73D6C000277171 /* Flurry.h */,
				20A4E8221E73D6C000277171 /* FlurryWatch.h */,
				20A4E8231E73D6C000277171 /* libFlurry_7.3.0.a */,
			);
			path = Flurry;
			sourceTree = "<group>";
		};
		3470B7DCE99E5F3922457313 /* Pods */ = {
			isa = PBXGroup;
			children = (
				2F972392AA60379A4BBDA957 /* Pods-TORA-NET.debug.xcconfig */,
				081BE28D70C67B337DF13FD5 /* Pods-TORA-NET.release.xcconfig */,
				0871F02F48E04B445C2FED28 /* Pods-TORA-NET-TORA-NETTests.debug.xcconfig */,
				A05824253285BCC15B6F24C9 /* Pods-TORA-NET-TORA-NETTests.release.xcconfig */,
			);
			name = Pods;
			sourceTree = "<group>";
		};
		DD4E54781AEC7716009A88AB /* resource */ = {
			isa = PBXGroup;
			children = (
				203705011E4046210064D78F /* bg1.png */,
				203705021E4046210064D78F /* bg2.png */,
				2037050D1E40AEB50064D78F /* bg3.png */,
				2037050F1E40D3140064D78F /* bg4.png */,
				2037050B1E404A3E0064D78F /* tora-256.png */,
				20A4E8291E73D8CF00277171 /* roomlist.json */,
				DDAA13C11AF0633400FB0B8C /* map.pdf */,
				20A4E8161E73C6FB00277171 /* schoolbus_timetable.pdf */,
				20DA21DD1D9E25ED001C26F9 /* services-32.png */,
				20DA21DF1D9E262C001C26F9 /* redo-26.png */,
				20DA21E01D9E262C001C26F9 /* undo-26.png */,
				DDB192E21AEA91CD00C0CDCF /* home-32.png */,
				DDB192E31AEA91CD00C0CDCF /* map_marker-32.png */,
				DDB192E41AEA91CD00C0CDCF /* menu-32.png */,
				DDB192E81AEA922700C0CDCF /* train-32.png */,
				20A4E81C1E73CCE100277171 /* Timetable-32.png */,
				20DA21E31D9E263E001C26F9 /* transparent32.png */,
				20DA21E51D9E2646001C26F9 /* icons8_cup.png */,
			);
			name = resource;
			path = ..;
			sourceTree = "<group>";
		};
		DDB1929B1AEA745900C0CDCF = {
			isa = PBXGroup;
			children = (
				DDB192A61AEA745900C0CDCF /* TORA-NET */,
				DDB192A51AEA745900C0CDCF /* Products */,
				3470B7DCE99E5F3922457313 /* Pods */,
				EEDDC2F507447D495EEC712D /* Frameworks */,
			);
			sourceTree = "<group>";
		};
		DDB192A51AEA745900C0CDCF /* Products */ = {
			isa = PBXGroup;
			children = (
				DDB192A41AEA745900C0CDCF /* TORA-NET.app */,
				DDB192C01AEA745900C0CDCF /* TORA-NETTests.xctest */,
			);
			name = Products;
			sourceTree = "<group>";
		};
		DDB192A61AEA745900C0CDCF /* TORA-NET */ = {
			isa = PBXGroup;
			children = (
				DD4E54781AEC7716009A88AB /* resource */,
				DDB192AB1AEA745900C0CDCF /* AppDelegate.h */,
				DDB192AC1AEA745900C0CDCF /* AppDelegate.m */,
				203704F41E3F3BA20064D78F /* EAIntroViewController.h */,
				203704F51E3F3BA20064D78F /* EAIntroViewController.m */,
				DDB192AE1AEA745900C0CDCF /* FirstViewController.h */,
				DDB192AF1AEA745900C0CDCF /* FirstViewController.m */,
				203704FD1E3FA4F60064D78F /* EAIntroView.storyboard */,
				DDB192B11AEA745900C0CDCF /* SecondViewController.h */,
				DDB192B21AEA745900C0CDCF /* SecondViewController.m */,
				DD4E546F1AEBFB88009A88AB /* FourthViewController.h */,
				DD4E54701AEBFB88009A88AB /* FourthViewController.m */,
				DD4E54691AEBFB21009A88AB /* FifthViewController.h */,
				DD4E546A1AEBFB21009A88AB /* FifthViewController.m */,
				DDBB802E1B3E4F0400DAF249 /* Main.storyboard */,
				209A3EAF1E38D25900F1139C /* autoLoginSetting.h */,
				209A3EB01E38D25900F1139C /* autoLoginSetting.m */,
				209FDA111BB284E500649937 /* RoomMapViewController.h */,
				209FDA121BB284E500649937 /* RoomMapViewController.m */,
				DD88811B1B3A3AE700445487 /* RoomTableViewController.h */,
				DD88811C1B3A3AE700445487 /* RoomTableViewController.m */,
				DDA557EC1B3A7B3E0044FD6C /* RoomDetailViewController.h */,
				DDA557ED1B3A7B3E0044FD6C /* RoomDetailViewController.m */,
				DDB192B71AEA745900C0CDCF /* Images.xcassets */,
				DDB192B91AEA745900C0CDCF /* LaunchScreen.xib */,
				DDDABFA61B0E49C200B800AC /* Freakworks */,
				DDB192A71AEA745900C0CDCF /* Supporting Files */,
			);
			path = "TORA-NET";
			sourceTree = "<group>";
		};
		DDB192A71AEA745900C0CDCF /* Supporting Files */ = {
			isa = PBXGroup;
			children = (
				DDB192A91AEA745900C0CDCF /* main.m */,
			);
			name = "Supporting Files";
			sourceTree = "<group>";
		};
		DDDABFA61B0E49C200B800AC /* Freakworks */ = {
			isa = PBXGroup;
			children = (
				20A4E8271E73D79800277171 /* Info.plist */,
				20D2BFF21FA189510052F985 /* GoogleService-Info.plist */,
				200348081CCF5D8D000DC110 /* CoreLocation.framework */,
				200348061CCF4EF5000DC110 /* MapKit.framework */,
				20964EB41C202FDC007CF3DA /* Security.framework */,
				209A18421C1FD9DC00BAF03E /* SystemConfiguration.framework */,
				208794C81C04CF6100C1F206 /* Fabric.framework */,
				208794C91C04CF6100C1F206 /* Crashlytics.framework */,
				20A4E8201E73D6C000277171 /* Flurry */,
			);
			name = Freakworks;
			sourceTree = "<group>";
		};
		EEDDC2F507447D495EEC712D /* Frameworks */ = {
			isa = PBXGroup;
			children = (
				117390E9C648849469F91605 /* libPods-TORA-NET.a */,
				90C1DEF78552D3794EE79AF6 /* libPods-TORA-NET-TORA-NETTests.a */,
			);
			name = Frameworks;
			sourceTree = "<group>";
		};
/* End PBXGroup section */

/* Begin PBXNativeTarget section */
		DDB192A31AEA745900C0CDCF /* TORA-NET */ = {
			isa = PBXNativeTarget;
			buildConfigurationList = DDB192CA1AEA745900C0CDCF /* Build configuration list for PBXNativeTarget "TORA-NET" */;
			buildPhases = (
				9C1BC9F7A5B6C7EB193694F6 /* [CP] Check Pods Manifest.lock */,
				DDB192A01AEA745900C0CDCF /* Sources */,
				DDB192A11AEA745900C0CDCF /* Frameworks */,
				DDB192A21AEA745900C0CDCF /* Resources */,
				208794C71C04CEED00C1F206 /* ShellScript */,
				4A41FDE1BE6C68860A4B70A7 /* [CP] Embed Pods Frameworks */,
				F41057A1322407072BF0A5E1 /* [CP] Copy Pods Resources */,
			);
			buildRules = (
			);
			dependencies = (
			);
			name = "TORA-NET";
			productName = "test-addtabs";
			productReference = DDB192A41AEA745900C0CDCF /* TORA-NET.app */;
			productType = "com.apple.product-type.application";
		};
		DDB192BF1AEA745900C0CDCF /* TORA-NETTests */ = {
			isa = PBXNativeTarget;
			buildConfigurationList = DDB192CD1AEA745900C0CDCF /* Build configuration list for PBXNativeTarget "TORA-NETTests" */;
			buildPhases = (
				1ED312BFBAA1DE897D04F8CE /* [CP] Check Pods Manifest.lock */,
				DDB192BC1AEA745900C0CDCF /* Sources */,
				DDB192BD1AEA745900C0CDCF /* Frameworks */,
				DDB192BE1AEA745900C0CDCF /* Resources */,
				54612C077CD930AE3F5EEA17 /* [CP] Embed Pods Frameworks */,
				801F4E105D2235B5FF6DC31F /* [CP] Copy Pods Resources */,
			);
			buildRules = (
			);
			dependencies = (
				DDB192C21AEA745900C0CDCF /* PBXTargetDependency */,
			);
			name = "TORA-NETTests";
			productName = "test-addtabsTests";
			productReference = DDB192C01AEA745900C0CDCF /* TORA-NETTests.xctest */;
			productType = "com.apple.product-type.bundle.unit-test";
		};
/* End PBXNativeTarget section */

/* Begin PBXProject section */
		DDB1929C1AEA745900C0CDCF /* Project object */ = {
			isa = PBXProject;
			attributes = {
				LastUpgradeCheck = 0900;
				ORGANIZATIONNAME = Ryo;
				TargetAttributes = {
					DDB192A31AEA745900C0CDCF = {
						CreatedOnToolsVersion = 6.1.1;
						DevelopmentTeam = WQ6E4DAU7T;
						ProvisioningStyle = Automatic;
						SystemCapabilities = {
							com.apple.BackgroundModes = {
								enabled = 0;
							};
							com.apple.Keychain = {
								enabled = 0;
							};
							com.apple.SafariKeychain = {
								enabled = 0;
							};
						};
					};
					DDB192BF1AEA745900C0CDCF = {
						CreatedOnToolsVersion = 6.1.1;
						DevelopmentTeam = WQ6E4DAU7T;
						TestTargetID = DDB192A31AEA745900C0CDCF;
					};
				};
			};
			buildConfigurationList = DDB1929F1AEA745900C0CDCF /* Build configuration list for PBXProject "TORA-NET" */;
			compatibilityVersion = "Xcode 3.2";
			developmentRegion = English;
			hasScannedForEncodings = 0;
			knownRegions = (
				en,
				Base,
			);
			mainGroup = DDB1929B1AEA745900C0CDCF;
			productRefGroup = DDB192A51AEA745900C0CDCF /* Products */;
			projectDirPath = "";
			projectRoot = "";
			targets = (
				DDB192A31AEA745900C0CDCF /* TORA-NET */,
				DDB192BF1AEA745900C0CDCF /* TORA-NETTests */,
			);
		};
/* End PBXProject section */

/* Begin PBXResourcesBuildPhase section */
		DDB192A21AEA745900C0CDCF /* Resources */ = {
			isa = PBXResourcesBuildPhase;
			buildActionMask = 2147483647;
			files = (
				20DA21E41D9E263E001C26F9 /* transparent32.png in Resources */,
				DDB192E91AEA922700C0CDCF /* train-32.png in Resources */,
				DDB192BB1AEA745900C0CDCF /* LaunchScreen.xib in Resources */,
				203704FE1E3FA4F60064D78F /* EAIntroView.storyboard in Resources */,
				20A4E81D1E73CCE100277171 /* Timetable-32.png in Resources */,
				2037050E1E40AEB50064D78F /* bg3.png in Resources */,
				203705041E4046210064D78F /* bg1.png in Resources */,
				DDAA13C21AF0633400FB0B8C /* map.pdf in Resources */,
				DDB192E51AEA91CD00C0CDCF /* home-32.png in Resources */,
				20DA21DE1D9E25ED001C26F9 /* services-32.png in Resources */,
				DDB192B81AEA745900C0CDCF /* Images.xcassets in Resources */,
				20A4E8171E73C6FB00277171 /* schoolbus_timetable.pdf in Resources */,
				20A4E82A1E73D8CF00277171 /* roomlist.json in Resources */,
				203705101E40D3140064D78F /* bg4.png in Resources */,
				DDB192E71AEA91CD00C0CDCF /* menu-32.png in Resources */,
				20DA21E61D9E2646001C26F9 /* icons8_cup.png in Resources */,
				DDBB80301B3E4F0400DAF249 /* Main.storyboard in Resources */,
				2037050C1E404A3E0064D78F /* tora-256.png in Resources */,
				20DA21E21D9E262C001C26F9 /* undo-26.png in Resources */,
				20D2BFF31FA189510052F985 /* GoogleService-Info.plist in Resources */,
				20DA21E11D9E262C001C26F9 /* redo-26.png in Resources */,
				DDB192E61AEA91CD00C0CDCF /* map_marker-32.png in Resources */,
				203705051E4046210064D78F /* bg2.png in Resources */,
			);
			runOnlyForDeploymentPostprocessing = 0;
		};
		DDB192BE1AEA745900C0CDCF /* Resources */ = {
			isa = PBXResourcesBuildPhase;
			buildActionMask = 2147483647;
			files = (
			);
			runOnlyForDeploymentPostprocessing = 0;
		};
/* End PBXResourcesBuildPhase section */

/* Begin PBXShellScriptBuildPhase section */
		1ED312BFBAA1DE897D04F8CE /* [CP] Check Pods Manifest.lock */ = {
			isa = PBXShellScriptBuildPhase;
			buildActionMask = 2147483647;
			files = (
			);
			inputPaths = (
			);
			name = "[CP] Check Pods Manifest.lock";
			outputPaths = (
			);
			runOnlyForDeploymentPostprocessing = 0;
			shellPath = /bin/sh;
			shellScript = "diff \"${PODS_ROOT}/../Podfile.lock\" \"${PODS_ROOT}/Manifest.lock\" > /dev/null\nif [ $? != 0 ] ; then\n    # print error to STDERR\n    echo \"error: The sandbox is not in sync with the Podfile.lock. Run 'pod install' or update your CocoaPods installation.\" >&2\n    exit 1\nfi\n";
			showEnvVarsInLog = 0;
		};
		208794C71C04CEED00C1F206 /* ShellScript */ = {
			isa = PBXShellScriptBuildPhase;
			buildActionMask = 2147483647;
			files = (
			);
			inputPaths = (
			);
			outputPaths = (
			);
			runOnlyForDeploymentPostprocessing = 0;
			shellPath = /bin/sh;
			shellScript = "./Fabric.framework/run a00e30dc8e843fe7268f540d8962cc0790012e3f 11acd792fee707cdbd4520b6b3da01b1b486b4860379694a6297ca594a611aae";
		};
		4A41FDE1BE6C68860A4B70A7 /* [CP] Embed Pods Frameworks */ = {
			isa = PBXShellScriptBuildPhase;
			buildActionMask = 2147483647;
			files = (
			);
			inputPaths = (
			);
			name = "[CP] Embed Pods Frameworks";
			outputPaths = (
			);
			runOnlyForDeploymentPostprocessing = 0;
			shellPath = /bin/sh;
			shellScript = "\"${SRCROOT}/Pods/Target Support Files/Pods-TORA-NET/Pods-TORA-NET-frameworks.sh\"\n";
			showEnvVarsInLog = 0;
		};
		54612C077CD930AE3F5EEA17 /* [CP] Embed Pods Frameworks */ = {
			isa = PBXShellScriptBuildPhase;
			buildActionMask = 2147483647;
			files = (
			);
			inputPaths = (
			);
			name = "[CP] Embed Pods Frameworks";
			outputPaths = (
			);
			runOnlyForDeploymentPostprocessing = 0;
			shellPath = /bin/sh;
			shellScript = "\"${SRCROOT}/Pods/Target Support Files/Pods-TORA-NET-TORA-NETTests/Pods-TORA-NET-TORA-NETTests-frameworks.sh\"\n";
			showEnvVarsInLog = 0;
		};
		801F4E105D2235B5FF6DC31F /* [CP] Copy Pods Resources */ = {
			isa = PBXShellScriptBuildPhase;
			buildActionMask = 2147483647;
			files = (
			);
			inputPaths = (
			);
			name = "[CP] Copy Pods Resources";
			outputPaths = (
			);
			runOnlyForDeploymentPostprocessing = 0;
			shellPath = /bin/sh;
			shellScript = "\"${SRCROOT}/Pods/Target Support Files/Pods-TORA-NET-TORA-NETTests/Pods-TORA-NET-TORA-NETTests-resources.sh\"\n";
			showEnvVarsInLog = 0;
		};
		9C1BC9F7A5B6C7EB193694F6 /* [CP] Check Pods Manifest.lock */ = {
			isa = PBXShellScriptBuildPhase;
			buildActionMask = 2147483647;
			files = (
			);
			inputPaths = (
			);
			name = "[CP] Check Pods Manifest.lock";
			outputPaths = (
			);
			runOnlyForDeploymentPostprocessing = 0;
			shellPath = /bin/sh;
			shellScript = "diff \"${PODS_ROOT}/../Podfile.lock\" \"${PODS_ROOT}/Manifest.lock\" > /dev/null\nif [ $? != 0 ] ; then\n    # print error to STDERR\n    echo \"error: The sandbox is not in sync with the Podfile.lock. Run 'pod install' or update your CocoaPods installation.\" >&2\n    exit 1\nfi\n";
			showEnvVarsInLog = 0;
		};
		F41057A1322407072BF0A5E1 /* [CP] Copy Pods Resources */ = {
			isa = PBXShellScriptBuildPhase;
			buildActionMask = 2147483647;
			files = (
			);
			inputPaths = (
			);
			name = "[CP] Copy Pods Resources";
			outputPaths = (
			);
			runOnlyForDeploymentPostprocessing = 0;
			shellPath = /bin/sh;
			shellScript = "\"${SRCROOT}/Pods/Target Support Files/Pods-TORA-NET/Pods-TORA-NET-resources.sh\"\n";
			showEnvVarsInLog = 0;
		};
/* End PBXShellScriptBuildPhase section */

/* Begin PBXSourcesBuildPhase section */
		DDB192A01AEA745900C0CDCF /* Sources */ = {
			isa = PBXSourcesBuildPhase;
			buildActionMask = 2147483647;
			files = (
				209FDA131BB284E500649937 /* RoomMapViewController.m in Sources */,
				DD88811D1B3A3AE700445487 /* RoomTableViewController.m in Sources */,
				DDB192B31AEA745900C0CDCF /* SecondViewController.m in Sources */,
				203704F61E3F3BA20064D78F /* EAIntroViewController.m in Sources */,
				DDB192AD1AEA745900C0CDCF /* AppDelegate.m in Sources */,
				DDB192B01AEA745900C0CDCF /* FirstViewController.m in Sources */,
				DDA557EE1B3A7B3E0044FD6C /* RoomDetailViewController.m in Sources */,
				DD4E546B1AEBFB21009A88AB /* FifthViewController.m in Sources */,
				DD4E54711AEBFB88009A88AB /* FourthViewController.m in Sources */,
				209A3EB11E38D25900F1139C /* autoLoginSetting.m in Sources */,
				DDB192AA1AEA745900C0CDCF /* main.m in Sources */,
			);
			runOnlyForDeploymentPostprocessing = 0;
		};
		DDB192BC1AEA745900C0CDCF /* Sources */ = {
			isa = PBXSourcesBuildPhase;
			buildActionMask = 2147483647;
			files = (
			);
			runOnlyForDeploymentPostprocessing = 0;
		};
/* End PBXSourcesBuildPhase section */

/* Begin PBXTargetDependency section */
		DDB192C21AEA745900C0CDCF /* PBXTargetDependency */ = {
			isa = PBXTargetDependency;
			target = DDB192A31AEA745900C0CDCF /* TORA-NET */;
			targetProxy = DDB192C11AEA745900C0CDCF /* PBXContainerItemProxy */;
		};
/* End PBXTargetDependency section */

/* Begin PBXVariantGroup section */
		DDB192B91AEA745900C0CDCF /* LaunchScreen.xib */ = {
			isa = PBXVariantGroup;
			children = (
				DDB192BA1AEA745900C0CDCF /* Base */,
			);
			name = LaunchScreen.xib;
			sourceTree = "<group>";
		};
		DDBB802E1B3E4F0400DAF249 /* Main.storyboard */ = {
			isa = PBXVariantGroup;
			children = (
				DDBB802F1B3E4F0400DAF249 /* Base */,
			);
			name = Main.storyboard;
			sourceTree = "<group>";
		};
/* End PBXVariantGroup section */

/* Begin XCBuildConfiguration section */
		DDB192C81AEA745900C0CDCF /* Debug */ = {
			isa = XCBuildConfiguration;
			buildSettings = {
				ALWAYS_SEARCH_USER_PATHS = NO;
				CLANG_CXX_LANGUAGE_STANDARD = "gnu++0x";
				CLANG_CXX_LIBRARY = "libc++";
				CLANG_ENABLE_MODULES = YES;
				CLANG_ENABLE_OBJC_ARC = YES;
				CLANG_WARN_BLOCK_CAPTURE_AUTORELEASING = YES;
				CLANG_WARN_BOOL_CONVERSION = YES;
				CLANG_WARN_COMMA = YES;
				CLANG_WARN_CONSTANT_CONVERSION = YES;
				CLANG_WARN_DIRECT_OBJC_ISA_USAGE = YES_ERROR;
				CLANG_WARN_EMPTY_BODY = YES;
				CLANG_WARN_ENUM_CONVERSION = YES;
				CLANG_WARN_INFINITE_RECURSION = YES;
				CLANG_WARN_INT_CONVERSION = YES;
				CLANG_WARN_NON_LITERAL_NULL_CONVERSION = YES;
				CLANG_WARN_OBJC_LITERAL_CONVERSION = YES;
				CLANG_WARN_OBJC_ROOT_CLASS = YES_ERROR;
				CLANG_WARN_RANGE_LOOP_ANALYSIS = YES;
				CLANG_WARN_STRICT_PROTOTYPES = YES;
				CLANG_WARN_SUSPICIOUS_MOVE = YES;
				CLANG_WARN_UNREACHABLE_CODE = YES;
				CLANG_WARN__DUPLICATE_METHOD_MATCH = YES;
				CODE_SIGN_IDENTITY = "iPhone Distribution: Ryo Sobue (WQ6E4DAU7T)";
				"CODE_SIGN_IDENTITY[sdk=iphoneos*]" = "iPhone Distribution: Ryo Sobue (WQ6E4DAU7T)";
				COPY_PHASE_STRIP = NO;
				ENABLE_BITCODE = NO;
				ENABLE_STRICT_OBJC_MSGSEND = YES;
				ENABLE_TESTABILITY = YES;
				GCC_C_LANGUAGE_STANDARD = gnu99;
				GCC_DYNAMIC_NO_PIC = NO;
				GCC_NO_COMMON_BLOCKS = YES;
				GCC_OPTIMIZATION_LEVEL = 0;
				GCC_PREPROCESSOR_DEFINITIONS = (
					"DEBUG=1",
					"$(inherited)",
				);
				GCC_SYMBOLS_PRIVATE_EXTERN = NO;
				GCC_WARN_64_TO_32_BIT_CONVERSION = YES;
				GCC_WARN_ABOUT_RETURN_TYPE = YES_ERROR;
				GCC_WARN_UNDECLARED_SELECTOR = YES;
				GCC_WARN_UNINITIALIZED_AUTOS = YES_AGGRESSIVE;
				GCC_WARN_UNUSED_FUNCTION = YES;
				GCC_WARN_UNUSED_VARIABLE = YES;
				IPHONEOS_DEPLOYMENT_TARGET = 8.0;
				MTL_ENABLE_DEBUG_INFO = YES;
				ONLY_ACTIVE_ARCH = YES;
				PROVISIONING_PROFILE = "bbec48bd-ab25-4d1a-9490-d7d12ce37743";
				SDKROOT = iphoneos;
			};
			name = Debug;
		};
		DDB192C91AEA745900C0CDCF /* Release */ = {
			isa = XCBuildConfiguration;
			buildSettings = {
				ALWAYS_SEARCH_USER_PATHS = NO;
				CLANG_CXX_LANGUAGE_STANDARD = "gnu++0x";
				CLANG_CXX_LIBRARY = "libc++";
				CLANG_ENABLE_MODULES = YES;
				CLANG_ENABLE_OBJC_ARC = YES;
				CLANG_WARN_BLOCK_CAPTURE_AUTORELEASING = YES;
				CLANG_WARN_BOOL_CONVERSION = YES;
				CLANG_WARN_COMMA = YES;
				CLANG_WARN_CONSTANT_CONVERSION = YES;
				CLANG_WARN_DIRECT_OBJC_ISA_USAGE = YES_ERROR;
				CLANG_WARN_EMPTY_BODY = YES;
				CLANG_WARN_ENUM_CONVERSION = YES;
				CLANG_WARN_INFINITE_RECURSION = YES;
				CLANG_WARN_INT_CONVERSION = YES;
				CLANG_WARN_NON_LITERAL_NULL_CONVERSION = YES;
				CLANG_WARN_OBJC_LITERAL_CONVERSION = YES;
				CLANG_WARN_OBJC_ROOT_CLASS = YES_ERROR;
				CLANG_WARN_RANGE_LOOP_ANALYSIS = YES;
				CLANG_WARN_STRICT_PROTOTYPES = YES;
				CLANG_WARN_SUSPICIOUS_MOVE = YES;
				CLANG_WARN_UNREACHABLE_CODE = YES;
				CLANG_WARN__DUPLICATE_METHOD_MATCH = YES;
				CODE_SIGN_IDENTITY = "iPhone Distribution: Ryo Sobue (WQ6E4DAU7T)";
				"CODE_SIGN_IDENTITY[sdk=iphoneos*]" = "iPhone Distribution: Ryo Sobue (WQ6E4DAU7T)";
				COPY_PHASE_STRIP = YES;
				ENABLE_BITCODE = NO;
				ENABLE_NS_ASSERTIONS = NO;
				ENABLE_STRICT_OBJC_MSGSEND = YES;
				GCC_C_LANGUAGE_STANDARD = gnu99;
				GCC_NO_COMMON_BLOCKS = YES;
				GCC_WARN_64_TO_32_BIT_CONVERSION = YES;
				GCC_WARN_ABOUT_RETURN_TYPE = YES_ERROR;
				GCC_WARN_UNDECLARED_SELECTOR = YES;
				GCC_WARN_UNINITIALIZED_AUTOS = YES_AGGRESSIVE;
				GCC_WARN_UNUSED_FUNCTION = YES;
				GCC_WARN_UNUSED_VARIABLE = YES;
				IPHONEOS_DEPLOYMENT_TARGET = 8.0;
				MTL_ENABLE_DEBUG_INFO = NO;
				ONLY_ACTIVE_ARCH = YES;
				PROVISIONING_PROFILE = "bbec48bd-ab25-4d1a-9490-d7d12ce37743";
				SDKROOT = iphoneos;
				VALIDATE_PRODUCT = YES;
			};
			name = Release;
		};
		DDB192CB1AEA745900C0CDCF /* Debug */ = {
			isa = XCBuildConfiguration;
			baseConfigurationReference = 2F972392AA60379A4BBDA957 /* Pods-TORA-NET.debug.xcconfig */;
			buildSettings = {
				ASSETCATALOG_COMPILER_APPICON_NAME = AppIcon;
				ASSETCATALOG_COMPILER_LAUNCHIMAGE_NAME = LaunchImage;
				BUNDLE_LOADER = "${BUNDLE_LOADER}";
				CODE_SIGN_IDENTITY = "iPhone Developer";
				"CODE_SIGN_IDENTITY[sdk=iphoneos*]" = "iPhone Developer";
				DEVELOPMENT_TEAM = WQ6E4DAU7T;
				ENABLE_BITCODE = NO;
				FRAMEWORK_SEARCH_PATHS = (
					"$(inherited)",
					"$(PROJECT_DIR)",
				);
				INFOPLIST_FILE = "$(SRCROOT)/TORA-NET/Info.plist";
				IPHONEOS_DEPLOYMENT_TARGET = 8.0;
				LD_RUNPATH_SEARCH_PATHS = "$(inherited) @executable_path/Frameworks";
				LIBRARY_SEARCH_PATHS = (
					"$(inherited)",
					"$(PROJECT_DIR)/TORA-NET/Flurry",
				);
				PRODUCT_BUNDLE_IDENTIFIER = "P-ken.Chubu.$(PRODUCT_NAME:rfc1034identifier)";
				PRODUCT_NAME = "TORA-NET";
				PROVISIONING_PROFILE = "";
				TARGETED_DEVICE_FAMILY = "1,2";
				VALID_ARCHS = "arm64 armv7 armv7s";
			};
			name = Debug;
		};
		DDB192CC1AEA745900C0CDCF /* Release */ = {
			isa = XCBuildConfiguration;
			baseConfigurationReference = 081BE28D70C67B337DF13FD5 /* Pods-TORA-NET.release.xcconfig */;
			buildSettings = {
				ASSETCATALOG_COMPILER_APPICON_NAME = AppIcon;
				ASSETCATALOG_COMPILER_LAUNCHIMAGE_NAME = LaunchImage;
				BUNDLE_LOADER = "${BUNDLE_LOADER}";
				CODE_SIGN_IDENTITY = "iPhone Developer";
				"CODE_SIGN_IDENTITY[sdk=iphoneos*]" = "iPhone Developer";
				DEVELOPMENT_TEAM = WQ6E4DAU7T;
				ENABLE_BITCODE = NO;
				ENABLE_TESTABILITY = YES;
				FRAMEWORK_SEARCH_PATHS = (
					"$(inherited)",
					"$(PROJECT_DIR)",
				);
				INFOPLIST_FILE = "$(SRCROOT)/TORA-NET/Info.plist";
				IPHONEOS_DEPLOYMENT_TARGET = 8.0;
				LD_RUNPATH_SEARCH_PATHS = "$(inherited) @executable_path/Frameworks";
				LIBRARY_SEARCH_PATHS = (
					"$(inherited)",
					"$(PROJECT_DIR)/TORA-NET/Flurry",
				);
				PRODUCT_BUNDLE_IDENTIFIER = "P-ken.Chubu.$(PRODUCT_NAME:rfc1034identifier)";
				PRODUCT_NAME = "TORA-NET";
				PROVISIONING_PROFILE = "";
				TARGETED_DEVICE_FAMILY = "1,2";
				VALID_ARCHS = "arm64 armv7 armv7s";
			};
			name = Release;
		};
		DDB192CE1AEA745900C0CDCF /* Debug */ = {
			isa = XCBuildConfiguration;
			baseConfigurationReference = 0871F02F48E04B445C2FED28 /* Pods-TORA-NET-TORA-NETTests.debug.xcconfig */;
			buildSettings = {
				CODE_SIGN_IDENTITY = "iPhone Developer";
				"CODE_SIGN_IDENTITY[sdk=iphoneos*]" = "iPhone Developer";
				ENABLE_BITCODE = NO;
				FRAMEWORK_SEARCH_PATHS = "$(inherited)";
				GCC_PREPROCESSOR_DEFINITIONS = (
					"DEBUG=1",
					"$(inherited)",
				);
				INFOPLIST_FILE = "$(SRCROOT)/TORA-NET/Info.plist";
				LD_RUNPATH_SEARCH_PATHS = "$(inherited) @executable_path/Frameworks @loader_path/Frameworks";
				PRODUCT_BUNDLE_IDENTIFIER = "P-ken.Chubu.$(PRODUCT_NAME:rfc1034identifier)";
				PRODUCT_NAME = "TORA-NETTests";
				PROVISIONING_PROFILE = "";
				TEST_HOST = "$(BUILT_PRODUCTS_DIR)/TORA-NET.app/TORA-NET";
			};
			name = Debug;
		};
		DDB192CF1AEA745900C0CDCF /* Release */ = {
			isa = XCBuildConfiguration;
			baseConfigurationReference = A05824253285BCC15B6F24C9 /* Pods-TORA-NET-TORA-NETTests.release.xcconfig */;
			buildSettings = {
				CODE_SIGN_IDENTITY = "iPhone Developer";
				"CODE_SIGN_IDENTITY[sdk=iphoneos*]" = "iPhone Developer";
				ENABLE_BITCODE = NO;
				FRAMEWORK_SEARCH_PATHS = "$(inherited)";
				INFOPLIST_FILE = "$(SRCROOT)/TORA-NET/Info.plist";
				LD_RUNPATH_SEARCH_PATHS = "$(inherited) @executable_path/Frameworks @loader_path/Frameworks";
				PRODUCT_BUNDLE_IDENTIFIER = "P-ken.Chubu.$(PRODUCT_NAME:rfc1034identifier)";
				PRODUCT_NAME = "TORA-NETTests";
				PROVISIONING_PROFILE = "";
				TEST_HOST = "$(BUILT_PRODUCTS_DIR)/TORA-NET.app/TORA-NET";
			};
			name = Release;
		};
/* End XCBuildConfiguration section */

/* Begin XCConfigurationList section */
		DDB1929F1AEA745900C0CDCF /* Build configuration list for PBXProject "TORA-NET" */ = {
			isa = XCConfigurationList;
			buildConfigurations = (
				DDB192C81AEA745900C0CDCF /* Debug */,
				DDB192C91AEA745900C0CDCF /* Release */,
			);
			defaultConfigurationIsVisible = 0;
			defaultConfigurationName = Release;
		};
		DDB192CA1AEA745900C0CDCF /* Build configuration list for PBXNativeTarget "TORA-NET" */ = {
			isa = XCConfigurationList;
			buildConfigurations = (
				DDB192CB1AEA745900C0CDCF /* Debug */,
				DDB192CC1AEA745900C0CDCF /* Release */,
			);
			defaultConfigurationIsVisible = 0;
			defaultConfigurationName = Release;
		};
		DDB192CD1AEA745900C0CDCF /* Build configuration list for PBXNativeTarget "TORA-NETTests" */ = {
			isa = XCConfigurationList;
			buildConfigurations = (
				DDB192CE1AEA745900C0CDCF /* Debug */,
				DDB192CF1AEA745900C0CDCF /* Release */,
			);
			defaultConfigurationIsVisible = 0;
			defaultConfigurationName = Release;
		};
/* End XCConfigurationList section */
	};
	rootObject = DDB1929C1AEA745900C0CDCF /* Project object */;
}
